
Microsoft Visual Studio Solution File, Format Version 12.00
# Visual Studio Version 17
VisualStudioVersion = 17.4.33122.133
MinimumVisualStudioVersion = 10.0.40219.1
Project("{FAE04EC0-301F-11D3-BF4B-00C04F79EFBC}") = "ProjectTranslateAPI", "ProjectTranslateAPI\ProjectTranslateAPI.csproj", "{21864905-6CFF-425A-8E80-F9AE64552629}"
EndProject
Global
	GlobalSection(SolutionConfigurationPlatforms) = preSolution
		Debug|Any CPU = Debug|Any CPU
		Release|Any CPU = Release|Any CPU
	EndGlobalSection
	GlobalSection(ProjectConfigurationPlatforms) = postSolution
		{21864905-6CFF-425A-8E80-F9AE64552629}.Debug|Any CPU.ActiveCfg = Debug|Any CPU
		{21864905-6CFF-425A-8E80-F9AE64552629}.Debug|Any CPU.Build.0 = Debug|Any CPU
		{21864905-6CFF-425A-8E80-F9AE64552629}.Release|Any CPU.ActiveCfg = Release|Any CPU
		{21864905-6CFF-425A-8E80-F9AE64552629}.Release|Any CPU.Build.0 = Release|Any CPU
	EndGlobalSection
	GlobalSection(SolutionProperties) = preSolution
		HideSolutionNode = FALSE
	EndGlobalSection
	GlobalSection(ExtensibilityGlobals) = postSolution
		SolutionGuid = {E6AD3EA5-1E41-4C94-90BF-47B064F13C66}
	EndGlobalSection
EndGlobal
